
Microsoft Visual Studio Solution File, Format Version 12.00
Project("{FAE04EC0-301F-11D3-BF4B-00C04F79EFBC}") = "ManifestMaker", "ManifestMaker\ManifestMaker.csproj", "{29397AAB-3ED4-473E-B855-5AA604EB8867}"
EndProject
Global
	GlobalSection(SolutionConfigurationPlatforms) = preSolution
		Debug|Any CPU = Debug|Any CPU
		Release|Any CPU = Release|Any CPU
	EndGlobalSection
	GlobalSection(ProjectConfigurationPlatforms) = postSolution
		{29397AAB-3ED4-473E-B855-5AA604EB8867}.Debug|Any CPU.ActiveCfg = Debug|Any CPU
		{29397AAB-3ED4-473E-B855-5AA604EB8867}.Debug|Any CPU.Build.0 = Debug|Any CPU
		{29397AAB-3ED4-473E-B855-5AA604EB8867}.Release|Any CPU.ActiveCfg = Release|Any CPU
		{29397AAB-3ED4-473E-B855-5AA604EB8867}.Release|Any CPU.Build.0 = Release|Any CPU
	EndGlobalSection
EndGlobal
